version = 1
revision = 3
requires-python = ">=3.11"

[[package]]
name = "colorama"
version = "0.4.6"
source = { registry = "https://pypi.org/simple" }
sdist = { url = "https://files.pythonhosted.org/packages/d8/53/6f443c9a4a8358a93a6792e2acffb9d9d5cb0a5cfd8802644b7b1c9a02e4/colorama-0.4.6.tar.gz", hash = "sha256:08695f5cb7ed6e0531a20572697297273c47b8cae5a63ffc6d6ed5c201be6e44", size = 27697, upload-time = "2022-10-25T02:36:22.414Z" }
wheels = [
    { url = "https://files.pythonhosted.org/packages/d1/d6/3965ed04c63042e047cb6a3e6ed1a63a35087b6a609aa3a15ed8ac56c221/colorama-0.4.6-py2.py3-none-any.whl", hash = "sha256:4f1d9991f5acc0ca119f9d443620b77f9d6b33703e51011c16baf57afb285fc6", size = 25335, upload-time = "2022-10-25T02:36:20.889Z" },
]

[[package]]
name = "coverage"
version = "7.10.2"
source = { registry = "https://pypi.org/simple" }
sdist = { url = "https://files.pythonhosted.org/packages/ee/76/17780846fc7aade1e66712e1e27dd28faa0a5d987a1f433610974959eaa8/coverage-7.10.2.tar.gz", hash = "sha256:5d6e6d84e6dd31a8ded64759626627247d676a23c1b892e1326f7c55c8d61055", size = 820754, upload-time = "2025-08-04T00:35:17.511Z" }
wheels = [
    { url = "https://files.pythonhosted.org/packages/6e/53/0125a6fc0af4f2687b4e08b0fb332cd0d5e60f3ca849e7456f995d022656/coverage-7.10.2-cp311-cp311-macosx_10_9_x86_64.whl", hash = "sha256:2c3b210d79925a476dfc8d74c7d53224888421edebf3a611f3adae923e212b27", size = 215119, upload-time = "2025-08-04T00:33:19.101Z" },
    { url = "https://files.pythonhosted.org/packages/0e/2e/960d9871de9152dbc9ff950913c6a6e9cf2eb4cc80d5bc8f93029f9f2f9f/coverage-7.10.2-cp311-cp311-macosx_11_0_arm64.whl", hash = "sha256:bf67d1787cd317c3f8b2e4c6ed1ae93497be7e30605a0d32237ac37a37a8a322", size = 215511, upload-time = "2025-08-04T00:33:20.32Z" },
    { url = "https://files.pythonhosted.org/packages/3f/34/68509e44995b9cad806d81b76c22bc5181f3535bca7cd9c15791bfd8951e/coverage-7.10.2-cp311-cp311-manylinux1_i686.manylinux_2_28_i686.manylinux_2_5_i686.whl", hash = "sha256:069b779d03d458602bc0e27189876e7d8bdf6b24ac0f12900de22dd2154e6ad7", size = 245513, upload-time = "2025-08-04T00:33:21.896Z" },
    { url = "https://files.pythonhosted.org/packages/ef/d4/9b12f357413248ce40804b0f58030b55a25b28a5c02db95fb0aa50c5d62c/coverage-7.10.2-cp311-cp311-manylinux1_x86_64.manylinux_2_28_x86_64.manylinux_2_5_x86_64.whl", hash = "sha256:4c2de4cb80b9990e71c62c2d3e9f3ec71b804b1f9ca4784ec7e74127e0f42468", size = 247350, upload-time = "2025-08-04T00:33:23.917Z" },
    { url = "https://files.pythonhosted.org/packages/b6/40/257945eda1f72098e4a3c350b1d68fdc5d7d032684a0aeb6c2391153ecf4/coverage-7.10.2-cp311-cp311-manylinux2014_aarch64.manylinux_2_17_aarch64.manylinux_2_28_aarch64.whl", hash = "sha256:75bf7ab2374a7eb107602f1e07310cda164016cd60968abf817b7a0b5703e288", size = 249516, upload-time = "2025-08-04T00:33:25.5Z" },
    { url = "https://files.pythonhosted.org/packages/ff/55/8987f852ece378cecbf39a367f3f7ec53351e39a9151b130af3a3045b83f/coverage-7.10.2-cp311-cp311-musllinux_1_2_aarch64.whl", hash = "sha256:3f37516458ec1550815134937f73d6d15b434059cd10f64678a2068f65c62406", size = 247241, upload-time = "2025-08-04T00:33:26.767Z" },
    { url = "https://files.pythonhosted.org/packages/df/ae/da397de7a42a18cea6062ed9c3b72c50b39e0b9e7b2893d7172d3333a9a1/coverage-7.10.2-cp311-cp311-musllinux_1_2_i686.whl", hash = "sha256:de3c6271c482c250d3303fb5c6bdb8ca025fff20a67245e1425df04dc990ece9", size = 245274, upload-time = "2025-08-04T00:33:28.494Z" },
    { url = "https://files.pythonhosted.org/packages/4e/64/7baa895eb55ec0e1ec35b988687ecd5d4475ababb0d7ae5ca3874dd90ee7/coverage-7.10.2-cp311-cp311-musllinux_1_2_x86_64.whl", hash = "sha256:98a838101321ac3089c9bb1d4bfa967e8afed58021fda72d7880dc1997f20ae1", size = 245882, upload-time = "2025-08-04T00:33:30.048Z" },
    { url = "https://files.pythonhosted.org/packages/24/6c/1fd76a0bd09ae75220ae9775a8290416d726f0e5ba26ea72346747161240/coverage-7.10.2-cp311-cp311-win32.whl", hash = "sha256:f2a79145a531a0e42df32d37be5af069b4a914845b6f686590739b786f2f7bce", size = 217541, upload-time = "2025-08-04T00:33:31.376Z" },
    { url = "https://files.pythonhosted.org/packages/5f/2d/8c18fb7a6e74c79fd4661e82535bc8c68aee12f46c204eabf910b097ccc9/coverage-7.10.2-cp311-cp311-win_amd64.whl", hash = "sha256:e4f5f1320f8ee0d7cfa421ceb257bef9d39fd614dd3ddcfcacd284d4824ed2c2", size = 218426, upload-time = "2025-08-04T00:33:32.976Z" },
    { url = "https://files.pythonhosted.org/packages/da/40/425bb35e4ff7c7af177edf5dffd4154bc2a677b27696afe6526d75c77fec/coverage-7.10.2-cp311-cp311-win_arm64.whl", hash = "sha256:d8f2d83118f25328552c728b8e91babf93217db259ca5c2cd4dd4220b8926293", size = 217116, upload-time = "2025-08-04T00:33:34.302Z" },
    { url = "https://files.pythonhosted.org/packages/4e/1e/2c752bdbbf6f1199c59b1a10557fbb6fb3dc96b3c0077b30bd41a5922c1f/coverage-7.10.2-cp312-cp312-macosx_10_13_x86_64.whl", hash = "sha256:890ad3a26da9ec7bf69255b9371800e2a8da9bc223ae5d86daeb940b42247c83", size = 215311, upload-time = "2025-08-04T00:33:35.524Z" },
    { url = "https://files.pythonhosted.org/packages/68/6a/84277d73a2cafb96e24be81b7169372ba7ff28768ebbf98e55c85a491b0f/coverage-7.10.2-cp312-cp312-macosx_11_0_arm64.whl", hash = "sha256:38fd1ccfca7838c031d7a7874d4353e2f1b98eb5d2a80a2fe5732d542ae25e9c", size = 215550, upload-time = "2025-08-04T00:33:37.109Z" },
    { url = "https://files.pythonhosted.org/packages/b5/e7/5358b73b46ac76f56cc2de921eeabd44fabd0b7ff82ea4f6b8c159c4d5dc/coverage-7.10.2-cp312-cp312-manylinux1_i686.manylinux_2_28_i686.manylinux_2_5_i686.whl", hash = "sha256:76c1ffaaf4f6f0f6e8e9ca06f24bb6454a7a5d4ced97a1bc466f0d6baf4bd518", size = 246564, upload-time = "2025-08-04T00:33:38.33Z" },
    { url = "https://files.pythonhosted.org/packages/7c/0e/b0c901dd411cb7fc0cfcb28ef0dc6f3049030f616bfe9fc4143aecd95901/coverage-7.10.2-cp312-cp312-manylinux1_x86_64.manylinux_2_28_x86_64.manylinux_2_5_x86_64.whl", hash = "sha256:86da8a3a84b79ead5c7d0e960c34f580bc3b231bb546627773a3f53c532c2f21", size = 248993, upload-time = "2025-08-04T00:33:39.555Z" },
    { url = "https://files.pythonhosted.org/packages/0e/4e/a876db272072a9e0df93f311e187ccdd5f39a190c6d1c1f0b6e255a0d08e/coverage-7.10.2-cp312-cp312-manylinux2014_aarch64.manylinux_2_17_aarch64.manylinux_2_28_aarch64.whl", hash = "sha256:99cef9731c8a39801830a604cc53c93c9e57ea8b44953d26589499eded9576e0", size = 250454, upload-time = "2025-08-04T00:33:41.023Z" },
    { url = "https://files.pythonhosted.org/packages/64/d6/1222dc69f8dd1be208d55708a9f4a450ad582bf4fa05320617fea1eaa6d8/coverage-7.10.2-cp312-cp312-musllinux_1_2_aarch64.whl", hash = "sha256:ea58b112f2966a8b91eb13f5d3b1f8bb43c180d624cd3283fb33b1cedcc2dd75", size = 248365, upload-time = "2025-08-04T00:33:42.376Z" },
    { url = "https://files.pythonhosted.org/packages/62/e3/40fd71151064fc315c922dd9a35e15b30616f00146db1d6a0b590553a75a/coverage-7.10.2-cp312-cp312-musllinux_1_2_i686.whl", hash = "sha256:20f405188d28da9522b7232e51154e1b884fc18d0b3a10f382d54784715bbe01", size = 246562, upload-time = "2025-08-04T00:33:43.663Z" },
    { url = "https://files.pythonhosted.org/packages/fc/14/8aa93ddcd6623ddaef5d8966268ac9545b145bce4fe7b1738fd1c3f0d957/coverage-7.10.2-cp312-cp312-musllinux_1_2_x86_64.whl", hash = "sha256:64586ce42bbe0da4d9f76f97235c545d1abb9b25985a8791857690f96e23dc3b", size = 247772, upload-time = "2025-08-04T00:33:45.068Z" },
    { url = "https://files.pythonhosted.org/packages/07/4e/dcb1c01490623c61e2f2ea85cb185fa6a524265bb70eeb897d3c193efeb9/coverage-7.10.2-cp312-cp312-win32.whl", hash = "sha256:bc2e69b795d97ee6d126e7e22e78a509438b46be6ff44f4dccbb5230f550d340", size = 217710, upload-time = "2025-08-04T00:33:46.378Z" },
    { url = "https://files.pythonhosted.org/packages/79/16/e8aab4162b5f80ad2e5e1f54b1826e2053aa2f4db508b864af647f00c239/coverage-7.10.2-cp312-cp312-win_amd64.whl", hash = "sha256:adda2268b8cf0d11f160fad3743b4dfe9813cd6ecf02c1d6397eceaa5b45b388", size = 218499, upload-time = "2025-08-04T00:33:48.048Z" },
    { url = "https://files.pythonhosted.org/packages/06/7f/c112ec766e8f1131ce8ce26254be028772757b2d1e63e4f6a4b0ad9a526c/coverage-7.10.2-cp312-cp312-win_arm64.whl", hash = "sha256:164429decd0d6b39a0582eaa30c67bf482612c0330572343042d0ed9e7f15c20", size = 217154, upload-time = "2025-08-04T00:33:49.299Z" },
    { url = "https://files.pythonhosted.org/packages/8d/04/9b7a741557f93c0ed791b854d27aa8d9fe0b0ce7bb7c52ca1b0f2619cb74/coverage-7.10.2-cp313-cp313-macosx_10_13_x86_64.whl", hash = "sha256:aca7b5645afa688de6d4f8e89d30c577f62956fefb1bad021490d63173874186", size = 215337, upload-time = "2025-08-04T00:33:50.61Z" },
    { url = "https://files.pythonhosted.org/packages/02/a4/8d1088cd644750c94bc305d3cf56082b4cdf7fb854a25abb23359e74892f/coverage-7.10.2-cp313-cp313-macosx_11_0_arm64.whl", hash = "sha256:96e5921342574a14303dfdb73de0019e1ac041c863743c8fe1aa6c2b4a257226", size = 215596, upload-time = "2025-08-04T00:33:52.33Z" },
    { url = "https://files.pythonhosted.org/packages/01/2f/643a8d73343f70e162d8177a3972b76e306b96239026bc0c12cfde4f7c7a/coverage-7.10.2-cp313-cp313-manylinux1_i686.manylinux_2_28_i686.manylinux_2_5_i686.whl", hash = "sha256:11333094c1bff621aa811b67ed794865cbcaa99984dedea4bd9cf780ad64ecba", size = 246145, upload-time = "2025-08-04T00:33:53.641Z" },
    { url = "https://files.pythonhosted.org/packages/1f/4a/722098d1848db4072cda71b69ede1e55730d9063bf868375264d0d302bc9/coverage-7.10.2-cp313-cp313-manylinux1_x86_64.manylinux_2_28_x86_64.manylinux_2_5_x86_64.whl", hash = "sha256:6eb586fa7d2aee8d65d5ae1dd71414020b2f447435c57ee8de8abea0a77d5074", size = 248492, upload-time = "2025-08-04T00:33:55.366Z" },
    { url = "https://files.pythonhosted.org/packages/3f/b0/8a6d7f326f6e3e6ed398cde27f9055e860a1e858317001835c521673fb60/coverage-7.10.2-cp313-cp313-manylinux2014_aarch64.manylinux_2_17_aarch64.manylinux_2_28_aarch64.whl", hash = "sha256:2d358f259d8019d4ef25d8c5b78aca4c7af25e28bd4231312911c22a0e824a57", size = 249927, upload-time = "2025-08-04T00:33:57.042Z" },
    { url = "https://files.pythonhosted.org/packages/bb/21/1aaadd3197b54d1e61794475379ecd0f68d8fc5c2ebd352964dc6f698a3d/coverage-7.10.2-cp313-cp313-musllinux_1_2_aarch64.whl", hash = "sha256:5250bda76e30382e0a2dcd68d961afcab92c3a7613606e6269855c6979a1b0bb", size = 248138, upload-time = "2025-08-04T00:33:58.329Z" },
    { url = "https://files.pythonhosted.org/packages/48/65/be75bafb2bdd22fd8bf9bf63cd5873b91bb26ec0d68f02d4b8b09c02decb/coverage-7.10.2-cp313-cp313-musllinux_1_2_i686.whl", hash = "sha256:a91e027d66eff214d88d9afbe528e21c9ef1ecdf4956c46e366c50f3094696d0", size = 246111, upload-time = "2025-08-04T00:33:59.899Z" },
    { url = "https://files.pythonhosted.org/packages/5e/30/a4f0c5e249c3cc60e6c6f30d8368e372f2d380eda40e0434c192ac27ccf5/coverage-7.10.2-cp313-cp313-musllinux_1_2_x86_64.whl", hash = "sha256:228946da741558904e2c03ce870ba5efd9cd6e48cbc004d9a27abee08100a15a", size = 247493, upload-time = "2025-08-04T00:34:01.619Z" },
    { url = "https://files.pythonhosted.org/packages/85/99/f09b9493e44a75cf99ca834394c12f8cb70da6c1711ee296534f97b52729/coverage-7.10.2-cp313-cp313-win32.whl", hash = "sha256:95e23987b52d02e7c413bf2d6dc6288bd5721beb518052109a13bfdc62c8033b", size = 217756, upload-time = "2025-08-04T00:34:03.277Z" },
    { url = "https://files.pythonhosted.org/packages/2d/bb/cbcb09103be330c7d26ff0ab05c4a8861dd2e254656fdbd3eb7600af4336/coverage-7.10.2-cp313-cp313-win_amd64.whl", hash = "sha256:f35481d42c6d146d48ec92d4e239c23f97b53a3f1fbd2302e7c64336f28641fe", size = 218526, upload-time = "2025-08-04T00:34:04.635Z" },
    { url = "https://files.pythonhosted.org/packages/37/8f/8bfb4e0bca52c00ab680767c0dd8cfd928a2a72d69897d9b2d5d8b5f63f5/coverage-7.10.2-cp313-cp313-win_arm64.whl", hash = "sha256:65b451949cb789c346f9f9002441fc934d8ccedcc9ec09daabc2139ad13853f7", size = 217176, upload-time = "2025-08-04T00:34:05.973Z" },
    { url = "https://files.pythonhosted.org/packages/1e/25/d458ba0bf16a8204a88d74dbb7ec5520f29937ffcbbc12371f931c11efd2/coverage-7.10.2-cp313-cp313t-macosx_10_13_x86_64.whl", hash = "sha256:e8415918856a3e7d57a4e0ad94651b761317de459eb74d34cc1bb51aad80f07e", size = 216058, upload-time = "2025-08-04T00:34:07.368Z" },
    { url = "https://files.pythonhosted.org/packages/0b/1c/af4dfd2d7244dc7610fed6d59d57a23ea165681cd764445dc58d71ed01a6/coverage-7.10.2-cp313-cp313t-macosx_11_0_arm64.whl", hash = "sha256:f287a25a8ca53901c613498e4a40885b19361a2fe8fbfdbb7f8ef2cad2a23f03", size = 216273, upload-time = "2025-08-04T00:34:09.073Z" },
    { url = "https://files.pythonhosted.org/packages/8e/67/ec5095d4035c6e16368226fa9cb15f77f891194c7e3725aeefd08e7a3e5a/coverage-7.10.2-cp313-cp313t-manylinux1_i686.manylinux_2_28_i686.manylinux_2_5_i686.whl", hash = "sha256:75cc1a3f8c88c69bf16a871dab1fe5a7303fdb1e9f285f204b60f1ee539b8fc0", size = 257513, upload-time = "2025-08-04T00:34:10.403Z" },
    { url = "https://files.pythonhosted.org/packages/1c/47/be5550b57a3a8ba797de4236b0fd31031f88397b2afc84ab3c2d4cf265f6/coverage-7.10.2-cp313-cp313t-manylinux1_x86_64.manylinux_2_28_x86_64.manylinux_2_5_x86_64.whl", hash = "sha256:ca07fa78cc9d26bc8c4740de1abd3489cf9c47cc06d9a8ab3d552ff5101af4c0", size = 259377, upload-time = "2025-08-04T00:34:12.138Z" },
    { url = "https://files.pythonhosted.org/packages/37/50/b12a4da1382e672305c2d17cd3029dc16b8a0470de2191dbf26b91431378/coverage-7.10.2-cp313-cp313t-manylinux2014_aarch64.manylinux_2_17_aarch64.manylinux_2_28_aarch64.whl", hash = "sha256:c2e117e64c26300032755d4520cd769f2623cde1a1d1c3515b05a3b8add0ade1", size = 261516, upload-time = "2025-08-04T00:34:13.608Z" },
    { url = "https://files.pythonhosted.org/packages/db/41/4d3296dbd33dd8da178171540ca3391af7c0184c0870fd4d4574ac290290/coverage-7.10.2-cp313-cp313t-musllinux_1_2_aarch64.whl", hash = "sha256:daaf98009977f577b71f8800208f4d40d4dcf5c2db53d4d822787cdc198d76e1", size = 259110, upload-time = "2025-08-04T00:34:15.089Z" },
    { url = "https://files.pythonhosted.org/packages/ea/f1/b409959ecbc0cec0e61e65683b22bacaa4a3b11512f834e16dd8ffbc37db/coverage-7.10.2-cp313-cp313t-musllinux_1_2_i686.whl", hash = "sha256:ea8d8fe546c528535c761ba424410bbeb36ba8a0f24be653e94b70c93fd8a8ca", size = 257248, upload-time = "2025-08-04T00:34:16.501Z" },
    { url = "https://files.pythonhosted.org/packages/48/ab/7076dc1c240412e9267d36ec93e9e299d7659f6a5c1e958f87e998b0fb6d/coverage-7.10.2-cp313-cp313t-musllinux_1_2_x86_64.whl", hash = "sha256:fe024d40ac31eb8d5aae70215b41dafa264676caa4404ae155f77d2fa95c37bb", size = 258063, upload-time = "2025-08-04T00:34:18.338Z" },
    { url = "https://files.pythonhosted.org/packages/1e/77/f6b51a0288f8f5f7dcc7c89abdd22cf514f3bc5151284f5cd628917f8e10/coverage-7.10.2-cp313-cp313t-win32.whl", hash = "sha256:8f34b09f68bdadec122ffad312154eda965ade433559cc1eadd96cca3de5c824", size = 218433, upload-time = "2025-08-04T00:34:19.71Z" },
    { url = "https://files.pythonhosted.org/packages/7b/6d/547a86493e25270ce8481543e77f3a0aa3aa872c1374246b7b76273d66eb/coverage-7.10.2-cp313-cp313t-win_amd64.whl", hash = "sha256:71d40b3ac0f26fa9ffa6ee16219a714fed5c6ec197cdcd2018904ab5e75bcfa3", size = 219523, upload-time = "2025-08-04T00:34:21.171Z" },
    { url = "https://files.pythonhosted.org/packages/ff/d5/3c711e38eaf9ab587edc9bed232c0298aed84e751a9f54aaa556ceaf7da6/coverage-7.10.2-cp313-cp313t-win_arm64.whl", hash = "sha256:abb57fdd38bf6f7dcc66b38dafb7af7c5fdc31ac6029ce373a6f7f5331d6f60f", size = 217739, upload-time = "2025-08-04T00:34:22.514Z" },
    { url = "https://files.pythonhosted.org/packages/71/53/83bafa669bb9d06d4c8c6a055d8d05677216f9480c4698fb183ba7ec5e47/coverage-7.10.2-cp314-cp314-macosx_10_13_x86_64.whl", hash = "sha256:a3e853cc04987c85ec410905667eed4bf08b1d84d80dfab2684bb250ac8da4f6", size = 215328, upload-time = "2025-08-04T00:34:23.991Z" },
    { url = "https://files.pythonhosted.org/packages/1d/6c/30827a9c5a48a813e865fbaf91e2db25cce990bd223a022650ef2293fe11/coverage-7.10.2-cp314-cp314-macosx_11_0_arm64.whl", hash = "sha256:0100b19f230df72c90fdb36db59d3f39232391e8d89616a7de30f677da4f532b", size = 215608, upload-time = "2025-08-04T00:34:25.437Z" },
    { url = "https://files.pythonhosted.org/packages/bb/a0/c92d85948056ddc397b72a3d79d36d9579c53cb25393ed3c40db7d33b193/coverage-7.10.2-cp314-cp314-manylinux1_i686.manylinux_2_28_i686.manylinux_2_5_i686.whl", hash = "sha256:9c1cd71483ea78331bdfadb8dcec4f4edfb73c7002c1206d8e0af6797853f5be", size = 246111, upload-time = "2025-08-04T00:34:26.857Z" },
    { url = "https://files.pythonhosted.org/packages/c2/cf/d695cf86b2559aadd072c91720a7844be4fb82cb4a3b642a2c6ce075692d/coverage-7.10.2-cp314-cp314-manylinux1_x86_64.manylinux_2_28_x86_64.manylinux_2_5_x86_64.whl", hash = "sha256:9f75dbf4899e29a37d74f48342f29279391668ef625fdac6d2f67363518056a1", size = 248419, upload-time = "2025-08-04T00:34:28.726Z" },
    { url = "https://files.pythonhosted.org/packages/ce/0a/03206aec4a05986e039418c038470d874045f6e00426b0c3879adc1f9251/coverage-7.10.2-cp314-cp314-manylinux2014_aarch64.manylinux_2_17_aarch64.manylinux_2_28_aarch64.whl", hash = "sha256:a7df481e7508de1c38b9b8043da48d94931aefa3e32b47dd20277e4978ed5b95", size = 250038, upload-time = "2025-08-04T00:34:30.061Z" },
    { url = "https://files.pythonhosted.org/packages/ab/9b/b3bd6bd52118c12bc4cf319f5baba65009c9beea84e665b6b9f03fa3f180/coverage-7.10.2-cp314-cp314-musllinux_1_2_aarch64.whl", hash = "sha256:835f39e618099325e7612b3406f57af30ab0a0af350490eff6421e2e5f608e46", size = 248066, upload-time = "2025-08-04T00:34:31.53Z" },
    { url = "https://files.pythonhosted.org/packages/80/cc/bfa92e261d3e055c851a073e87ba6a3bff12a1f7134233e48a8f7d855875/coverage-7.10.2-cp314-cp314-musllinux_1_2_i686.whl", hash = "sha256:12e52b5aa00aa720097d6947d2eb9e404e7c1101ad775f9661ba165ed0a28303", size = 245909, upload-time = "2025-08-04T00:34:32.943Z" },
    { url = "https://files.pythonhosted.org/packages/12/80/c8df15db4847710c72084164f615ae900af1ec380dce7f74a5678ccdf5e1/coverage-7.10.2-cp314-cp314-musllinux_1_2_x86_64.whl", hash = "sha256:718044729bf1fe3e9eb9f31b52e44ddae07e434ec050c8c628bf5adc56fe4bdd", size = 247329, upload-time = "2025-08-04T00:34:34.388Z" },
    { url = "https://files.pythonhosted.org/packages/04/6f/cb66e1f7124d5dd9ced69f889f02931419cb448125e44a89a13f4e036124/coverage-7.10.2-cp314-cp314-win32.whl", hash = "sha256:f256173b48cc68486299d510a3e729a96e62c889703807482dbf56946befb5c8", size = 218007, upload-time = "2025-08-04T00:34:35.846Z" },
    { url = "https://files.pythonhosted.org/packages/8c/e1/3d4be307278ce32c1b9d95cc02ee60d54ddab784036101d053ec9e4fe7f5/coverage-7.10.2-cp314-cp314-win_amd64.whl", hash = "sha256:2e980e4179f33d9b65ac4acb86c9c0dde904098853f27f289766657ed16e07b3", size = 218802, upload-time = "2025-08-04T00:34:37.35Z" },
    { url = "https://files.pythonhosted.org/packages/ec/66/1e43bbeb66c55a5a5efec70f1c153cf90cfc7f1662ab4ebe2d844de9122c/coverage-7.10.2-cp314-cp314-win_arm64.whl", hash = "sha256:14fb5b6641ab5b3c4161572579f0f2ea8834f9d3af2f7dd8fbaecd58ef9175cc", size = 217397, upload-time = "2025-08-04T00:34:39.15Z" },
    { url = "https://files.pythonhosted.org/packages/81/01/ae29c129217f6110dc694a217475b8aecbb1b075d8073401f868c825fa99/coverage-7.10.2-cp314-cp314t-macosx_10_13_x86_64.whl", hash = "sha256:e96649ac34a3d0e6491e82a2af71098e43be2874b619547c3282fc11d3840a4b", size = 216068, upload-time = "2025-08-04T00:34:40.648Z" },
    { url = "https://files.pythonhosted.org/packages/a2/50/6e9221d4139f357258f36dfa1d8cac4ec56d9d5acf5fdcc909bb016954d7/coverage-7.10.2-cp314-cp314t-macosx_11_0_arm64.whl", hash = "sha256:1a2e934e9da26341d342d30bfe91422bbfdb3f1f069ec87f19b2909d10d8dcc4", size = 216285, upload-time = "2025-08-04T00:34:42.441Z" },
    { url = "https://files.pythonhosted.org/packages/eb/ec/89d1d0c0ece0d296b4588e0ef4df185200456d42a47f1141335f482c2fc5/coverage-7.10.2-cp314-cp314t-manylinux1_i686.manylinux_2_28_i686.manylinux_2_5_i686.whl", hash = "sha256:651015dcd5fd9b5a51ca79ece60d353cacc5beaf304db750407b29c89f72fe2b", size = 257603, upload-time = "2025-08-04T00:34:43.899Z" },
    { url = "https://files.pythonhosted.org/packages/82/06/c830af66734671c778fc49d35b58339e8f0687fbd2ae285c3f96c94da092/coverage-7.10.2-cp314-cp314t-manylinux1_x86_64.manylinux_2_28_x86_64.manylinux_2_5_x86_64.whl", hash = "sha256:81bf6a32212f9f66da03d63ecb9cd9bd48e662050a937db7199dbf47d19831de", size = 259568, upload-time = "2025-08-04T00:34:45.519Z" },
    { url = "https://files.pythonhosted.org/packages/60/57/f280dd6f1c556ecc744fbf39e835c33d3ae987d040d64d61c6f821e87829/coverage-7.10.2-cp314-cp314t-manylinux2014_aarch64.manylinux_2_17_aarch64.manylinux_2_28_aarch64.whl", hash = "sha256:d800705f6951f75a905ea6feb03fff8f3ea3468b81e7563373ddc29aa3e5d1ca", size = 261691, upload-time = "2025-08-04T00:34:47.019Z" },
    { url = "https://files.pythonhosted.org/packages/54/2b/c63a0acbd19d99ec32326164c23df3a4e18984fb86e902afdd66ff7b3d83/coverage-7.10.2-cp314-cp314t-musllinux_1_2_aarch64.whl", hash = "sha256:248b5394718e10d067354448dc406d651709c6765669679311170da18e0e9af8", size = 259166, upload-time = "2025-08-04T00:34:48.792Z" },
    { url = "https://files.pythonhosted.org/packages/fd/c5/cd2997dcfcbf0683634da9df52d3967bc1f1741c1475dd0e4722012ba9ef/coverage-7.10.2-cp314-cp314t-musllinux_1_2_i686.whl", hash = "sha256:5c61675a922b569137cf943770d7ad3edd0202d992ce53ac328c5ff68213ccf4", size = 257241, upload-time = "2025-08-04T00:34:51.038Z" },
    { url = "https://files.pythonhosted.org/packages/16/26/c9e30f82fdad8d47aee90af4978b18c88fa74369ae0f0ba0dbf08cee3a80/coverage-7.10.2-cp314-cp314t-musllinux_1_2_x86_64.whl", hash = "sha256:52d708b5fd65589461381fa442d9905f5903d76c086c6a4108e8e9efdca7a7ed", size = 258139, upload-time = "2025-08-04T00:34:52.533Z" },
    { url = "https://files.pythonhosted.org/packages/c9/99/bdb7bd00bebcd3dedfb895fa9af8e46b91422993e4a37ac634a5f1113790/coverage-7.10.2-cp314-cp314t-win32.whl", hash = "sha256:916369b3b914186b2c5e5ad2f7264b02cff5df96cdd7cdad65dccd39aa5fd9f0", size = 218809, upload-time = "2025-08-04T00:34:54.075Z" },
    { url = "https://files.pythonhosted.org/packages/eb/5e/56a7852e38a04d1520dda4dfbfbf74a3d6dec932c20526968f7444763567/coverage-7.10.2-cp314-cp314t-win_amd64.whl", hash = "sha256:5b9d538e8e04916a5df63052d698b30c74eb0174f2ca9cd942c981f274a18eaf", size = 219926, upload-time = "2025-08-04T00:34:55.643Z" },
    { url = "https://files.pythonhosted.org/packages/e0/12/7fbe6b9c52bb9d627e9556f9f2edfdbe88b315e084cdecc9afead0c3b36a/coverage-7.10.2-cp314-cp314t-win_arm64.whl", hash = "sha256:04c74f9ef1f925456a9fd23a7eef1103126186d0500ef9a0acb0bd2514bdc7cc", size = 217925, upload-time = "2025-08-04T00:34:57.564Z" },
    { url = "https://files.pythonhosted.org/packages/18/d8/9b768ac73a8ac2d10c080af23937212434a958c8d2a1c84e89b450237942/coverage-7.10.2-py3-none-any.whl", hash = "sha256:95db3750dd2e6e93d99fa2498f3a1580581e49c494bddccc6f85c5c21604921f", size = 206973, upload-time = "2025-08-04T00:35:15.918Z" },
]

[[package]]
name = "iniconfig"
version = "2.0.0"
source = { registry = "https://pypi.org/simple" }
sdist = { url = "https://files.pythonhosted.org/packages/d7/4b/cbd8e699e64a6f16ca3a8220661b5f83792b3017d0f79807cb8708d33913/iniconfig-2.0.0.tar.gz", hash = "sha256:2d91e135bf72d31a410b17c16da610a82cb55f6b0477d1a902134b24a455b8b3", size = 4646, upload-time = "2023-01-07T11:08:11.254Z" }
wheels = [
    { url = "https://files.pythonhosted.org/packages/ef/a6/62565a6e1cf69e10f5727360368e451d4b7f58beeac6173dc9db836a5b46/iniconfig-2.0.0-py3-none-any.whl", hash = "sha256:b6a85871a79d2e3b22d2d1b94ac2824226a63c6b741c88f7ae975f18b6778374", size = 5892, upload-time = "2023-01-07T11:08:09.864Z" },
]

[[package]]
name = "neofoodclub"
version = "1.0.16"
source = { editable = "." }

[package.dev-dependencies]
dev = [
    { name = "coverage" },
    { name = "pytest" },
    { name = "setuptools-rust" },
]

[package.metadata]

[package.metadata.requires-dev]
dev = [
    { name = "coverage", specifier = ">=7.6.3" },
    { name = "pytest", specifier = ">=8.3.3" },
    { name = "setuptools-rust", specifier = ">=1.10.2" },
]

[[package]]
name = "packaging"
version = "24.1"
source = { registry = "https://pypi.org/simple" }
sdist = { url = "https://files.pythonhosted.org/packages/51/65/50db4dda066951078f0a96cf12f4b9ada6e4b811516bf0262c0f4f7064d4/packaging-24.1.tar.gz", hash = "sha256:026ed72c8ed3fcce5bf8950572258698927fd1dbda10a5e981cdf0ac37f4f002", size = 148788, upload-time = "2024-06-09T23:19:24.956Z" }
wheels = [
    { url = "https://files.pythonhosted.org/packages/08/aa/cc0199a5f0ad350994d660967a8efb233fe0416e4639146c089643407ce6/packaging-24.1-py3-none-any.whl", hash = "sha256:5b8f2217dbdbd2f7f384c41c628544e6d52f2d0f53c6d0c3ea61aa5d1d7ff124", size = 53985, upload-time = "2024-06-09T23:19:21.909Z" },
]

[[package]]
name = "pluggy"
version = "1.5.0"
source = { registry = "https://pypi.org/simple" }
sdist = { url = "https://files.pythonhosted.org/packages/96/2d/02d4312c973c6050a18b314a5ad0b3210edb65a906f868e31c111dede4a6/pluggy-1.5.0.tar.gz", hash = "sha256:2cffa88e94fdc978c4c574f15f9e59b7f4201d439195c3715ca9e2486f1d0cf1", size = 67955, upload-time = "2024-04-20T21:34:42.531Z" }
wheels = [
    { url = "https://files.pythonhosted.org/packages/88/5f/e351af9a41f866ac3f1fac4ca0613908d9a41741cfcf2228f4ad853b697d/pluggy-1.5.0-py3-none-any.whl", hash = "sha256:44e1ad92c8ca002de6377e165f3e0f1be63266ab4d554740532335b9d75ea669", size = 20556, upload-time = "2024-04-20T21:34:40.434Z" },
]

[[package]]
name = "pytest"
version = "8.3.3"
source = { registry = "https://pypi.org/simple" }
dependencies = [
    { name = "colorama", marker = "sys_platform == 'win32'" },
    { name = "iniconfig" },
    { name = "packaging" },
    { name = "pluggy" },
]
sdist = { url = "https://files.pythonhosted.org/packages/8b/6c/62bbd536103af674e227c41a8f3dcd022d591f6eed5facb5a0f31ee33bbc/pytest-8.3.3.tar.gz", hash = "sha256:70b98107bd648308a7952b06e6ca9a50bc660be218d53c257cc1fc94fda10181", size = 1442487, upload-time = "2024-09-10T10:52:15.003Z" }
wheels = [
    { url = "https://files.pythonhosted.org/packages/6b/77/7440a06a8ead44c7757a64362dd22df5760f9b12dc5f11b6188cd2fc27a0/pytest-8.3.3-py3-none-any.whl", hash = "sha256:a6853c7375b2663155079443d2e45de913a911a11d669df02a50814944db57b2", size = 342341, upload-time = "2024-09-10T10:52:12.54Z" },
]

[[package]]
name = "semantic-version"
version = "2.10.0"
source = { registry = "https://pypi.org/simple" }
sdist = { url = "https://files.pythonhosted.org/packages/7d/31/f2289ce78b9b473d582568c234e104d2a342fd658cc288a7553d83bb8595/semantic_version-2.10.0.tar.gz", hash = "sha256:bdabb6d336998cbb378d4b9db3a4b56a1e3235701dc05ea2690d9a997ed5041c", size = 52289, upload-time = "2022-05-26T13:35:23.454Z" }
wheels = [
    { url = "https://files.pythonhosted.org/packages/6a/23/8146aad7d88f4fcb3a6218f41a60f6c2d4e3a72de72da1825dc7c8f7877c/semantic_version-2.10.0-py2.py3-none-any.whl", hash = "sha256:de78a3b8e0feda74cabc54aab2da702113e33ac9d9eb9d2389bcf1f58b7d9177", size = 15552, upload-time = "2022-05-26T13:35:21.206Z" },
]

[[package]]
name = "setuptools"
version = "75.2.0"
source = { registry = "https://pypi.org/simple" }
sdist = { url = "https://files.pythonhosted.org/packages/07/37/b31be7e4b9f13b59cde9dcaeff112d401d49e0dc5b37ed4a9fc8fb12f409/setuptools-75.2.0.tar.gz", hash = "sha256:753bb6ebf1f465a1912e19ed1d41f403a79173a9acf66a42e7e6aec45c3c16ec", size = 1350308, upload-time = "2024-10-16T10:21:56.437Z" }
wheels = [
    { url = "https://files.pythonhosted.org/packages/31/2d/90165d51ecd38f9a02c6832198c13a4e48652485e2ccf863ebb942c531b6/setuptools-75.2.0-py3-none-any.whl", hash = "sha256:a7fcb66f68b4d9e8e66b42f9876150a3371558f98fa32222ffaa5bced76406f8", size = 1249825, upload-time = "2024-10-16T10:21:53.64Z" },
]

[[package]]
name = "setuptools-rust"
version = "1.10.2"
source = { registry = "https://pypi.org/simple" }
dependencies = [
    { name = "semantic-version" },
    { name = "setuptools" },
]
sdist = { url = "https://files.pythonhosted.org/packages/d3/6b/99a1588d826ceb108694ba00f78bc6afda10ed5d72d550ae8f256af1f7b4/setuptools_rust-1.10.2.tar.gz", hash = "sha256:5d73e7eee5f87a6417285b617c97088a7c20d1a70fcea60e3bdc94ff567c29dc", size = 309315, upload-time = "2024-10-02T06:05:06.747Z" }
wheels = [
    { url = "https://files.pythonhosted.org/packages/97/09/3da290ba3934c7003d3a178840579989a7fcfa5bd23f50dd7f2ff27f30e1/setuptools_rust-1.10.2-py3-none-any.whl", hash = "sha256:4b39c435ae9670315d522ed08fa0e8cb29f2a6048033966b6be2571a90ce4f1c", size = 26807, upload-time = "2024-10-02T06:05:04.8Z" },
]
